
Microsoft Visual Studio Solution File, Format Version 12.00
# Visual Studio Version 17
VisualStudioVersion = 17.9.34728.123
MinimumVisualStudioVersion = 10.0.40219.1
Project("{9A19103F-16F7-4668-BE54-9A1E7A4F7556}") = "LogsLogsLogs", "LogsLogsLogs.csproj", "{64833706-911E-49CB-8C4B-A7E56BB2BD8B}"
EndProject
Global
	GlobalSection(SolutionConfigurationPlatforms) = preSolution
		Debug|Any CPU = Debug|Any CPU
		Release|Any CPU = Release|Any CPU
	EndGlobalSection
	GlobalSection(ProjectConfigurationPlatforms) = postSolution
		{64833706-911E-49CB-8C4B-A7E56BB2BD8B}.Debug|Any CPU.ActiveCfg = Debug|Any CPU
		{64833706-911E-49CB-8C4B-A7E56BB2BD8B}.Debug|Any CPU.Build.0 = Debug|Any CPU
		{64833706-911E-49CB-8C4B-A7E56BB2BD8B}.Release|Any CPU.ActiveCfg = Release|Any CPU
		{64833706-911E-49CB-8C4B-A7E56BB2BD8B}.Release|Any CPU.Build.0 = Release|Any CPU
	EndGlobalSection
	GlobalSection(SolutionProperties) = preSolution
		HideSolutionNode = FALSE
	EndGlobalSection
	GlobalSection(ExtensibilityGlobals) = postSolution
		SolutionGuid = {E44760CB-6616-4871-A2F2-DC0AB95A7998}
	EndGlobalSection
EndGlobal
